<?xml version="1.0" encoding="utf-8"?>
<Project ToolsVersion="4.0" xmlns="http://schemas.microsoft.com/developer/msbuild/2003">
  <ItemGroup>
    <Filter Include="소스 파일">
      <UniqueIdentifier>{4FC737F1-C7A5-4376-A066-2A32D752A2FF}</UniqueIdentifier>
      <Extensions>cpp;c;cc;cxx;c++;cppm;ixx;def;odl;idl;hpj;bat;asm;asmx</Extensions>
    </Filter>
    <Filter Include="헤더 파일">
      <UniqueIdentifier>{93995380-89BD-4b04-88EB-625FBE52EBFB}</UniqueIdentifier>
      <Extensions>h;hh;hpp;hxx;h++;hm;inl;inc;ipp;xsd</Extensions>
    </Filter>
    <Filter Include="리소스 파일">
      <UniqueIdentifier>{67DA6AB6-F800-4c08-8B7A-83BB121AAD01}</UniqueIdentifier>
      <Extensions>rc;ico;cur;bmp;dlg;rc2;rct;bin;rgs;gif;jpg;jpeg;jpe;resx;tiff;tif;png;wav;mfcribbon-ms</Extensions>
    </Filter>
    <Filter Include="리소스 파일\Deprecate">
      <UniqueIdentifier>{f0de80b0-830f-4220-910d-5d87ca183f55}</UniqueIdentifier>
    </Filter>
    <Filter Include="헤더 파일\Deprecate">
      <UniqueIdentifier>{f0681a10-03a3-4686-acf0-8f906287b0fb}</UniqueIdentifier>
    </Filter>
  </ItemGroup>
  <ItemGroup>
    <ClCompile Include="DT_RealTime.cpp">
      <Filter>리소스 파일</Filter>
    </ClCompile>
    <ClCompile Include="parse_json.cpp">
      <Filter>리소스 파일</Filter>
    </ClCompile>
    <ClCompile Include="send_oneM2M.cpp">
      <Filter>리소스 파일</Filter>
    </ClCompile>
    <ClCompile Include="socket_oneM2M.cpp">
      <Filter>리소스 파일</Filter>
    </ClCompile>
    <ClCompile Include="simulation.cpp">
      <Filter>리소스 파일</Filter>
    </ClCompile>
    <ClCompile Include="elevator.cpp">
      <Filter>리소스 파일</Filter>
    </ClCompile>
    <ClCompile Include="send_UnrealEngine.cpp">
      <Filter>리소스 파일</Filter>
    </ClCompile>
    <ClCompile Include="socket_UnrealEngine.cpp">
      <Filter>리소스 파일</Filter>
    </ClCompile>
    <ClCompile Include="elevatorAlgorithmDefault.cpp">
      <Filter>리소스 파일</Filter>
    </ClCompile>
    <ClCompile Include="elevatorAlgorithmSingle.cpp">
      <Filter>리소스 파일</Filter>
    </ClCompile>
    <ClCompile Include="elevatorAlgorithmMultiple.cpp">
      <Filter>리소스 파일</Filter>
    </ClCompile>
    <ClCompile Include="DT_Simulation.cpp">
      <Filter>리소스 파일</Filter>
    </ClCompile>
    <ClCompile Include="main.cpp">
      <Filter>리소스 파일</Filter>
    </ClCompile>
    <ClCompile Include="logger.cpp">
      <Filter>리소스 파일</Filter>
    </ClCompile>
    <ClCompile Include="DT_Plot.cpp">
      <Filter>리소스 파일</Filter>
    </ClCompile>
    <ClCompile Include="DT_Labeling.cpp">
      <Filter>리소스 파일</Filter>
    </ClCompile>
    <ClCompile Include="FileSystem.cpp">
      <Filter>리소스 파일</Filter>
    </ClCompile>
  </ItemGroup>
  <ItemGroup>
    <ClInclude Include="DT_RealTime.h">
      <Filter>헤더 파일</Filter>
    </ClInclude>
    <ClInclude Include="parse_json.h">
      <Filter>헤더 파일</Filter>
    </ClInclude>
    <ClInclude Include="send_oneM2M.h">
      <Filter>헤더 파일</Filter>
    </ClInclude>
    <ClInclude Include="socket_oneM2M.h">
      <Filter>헤더 파일</Filter>
    </ClInclude>
    <ClInclude Include="simulation.h">
      <Filter>헤더 파일</Filter>
    </ClInclude>
    <ClInclude Include="elevator.h">
      <Filter>헤더 파일</Filter>
    </ClInclude>
    <ClInclude Include="send_UnrealEngine.h">
      <Filter>헤더 파일</Filter>
    </ClInclude>
    <ClInclude Include="socket_UnrealEngine.h">
      <Filter>헤더 파일</Filter>
    </ClInclude>
    <ClInclude Include="elevatorAlgorithmDefault.h">
      <Filter>헤더 파일</Filter>
    </ClInclude>
    <ClInclude Include="elevatorAlgorithmSingle.h">
      <Filter>헤더 파일</Filter>
    </ClInclude>
    <ClInclude Include="elevatorAlgorithmMultiple.h">
      <Filter>헤더 파일</Filter>
    </ClInclude>
    <ClInclude Include="DT_Simulation.h">
      <Filter>헤더 파일</Filter>
    </ClInclude>
    <ClInclude Include="config.h">
      <Filter>헤더 파일</Filter>
    </ClInclude>
    <ClInclude Include="logger.h">
      <Filter>헤더 파일</Filter>
    </ClInclude>
    <ClInclude Include="DT_Plot.h">
      <Filter>헤더 파일</Filter>
    </ClInclude>
    <ClInclude Include="gnuplot-iostream.h">
      <Filter>헤더 파일</Filter>
    </ClInclude>
    <ClInclude Include="DT_Labeling.h">
      <Filter>헤더 파일</Filter>
    </ClInclude>
    <ClInclude Include="main.h">
      <Filter>헤더 파일</Filter>
    </ClInclude>
    <ClInclude Include="FileSystem.h">
      <Filter>헤더 파일</Filter>
    </ClInclude>
  </ItemGroup>
</Project>